
Microsoft Visual Studio Solution File, Format Version 12.00
# Visual Studio Version 17
VisualStudioVersion = 17.13.35931.197 d17.13
MinimumVisualStudioVersion = 10.0.40219.1
Project("{FAE04EC0-301F-11D3-BF4B-00C04F79EFBC}") = "病歷系統", "病歷系統\病歷系統.csproj", "{6343D3B8-6171-4E31-A1A8-F83CCE2E7B5D}"
EndProject
Global
	GlobalSection(SolutionConfigurationPlatforms) = preSolution
		Debug|Any CPU = Debug|Any CPU
		Release|Any CPU = Release|Any CPU
	EndGlobalSection
	GlobalSection(ProjectConfigurationPlatforms) = postSolution
		{6343D3B8-6171-4E31-A1A8-F83CCE2E7B5D}.Debug|Any CPU.ActiveCfg = Debug|Any CPU
		{6343D3B8-6171-4E31-A1A8-F83CCE2E7B5D}.Debug|Any CPU.Build.0 = Debug|Any CPU
		{6343D3B8-6171-4E31-A1A8-F83CCE2E7B5D}.Release|Any CPU.ActiveCfg = Release|Any CPU
		{6343D3B8-6171-4E31-A1A8-F83CCE2E7B5D}.Release|Any CPU.Build.0 = Release|Any CPU
	EndGlobalSection
	GlobalSection(SolutionProperties) = preSolution
		HideSolutionNode = FALSE
	EndGlobalSection
	GlobalSection(ExtensibilityGlobals) = postSolution
		SolutionGuid = {23D5647E-030B-4F8E-AE9F-4219B06E4A4F}
	EndGlobalSection
EndGlobal
